# THIS IS AN AUTOGENERATED FILE. DO NOT EDIT THIS FILE DIRECTLY.
# yarn lockfile v1


kelp-body@^1.4.3:
  version "1.4.3"
  resolved "https://registry.yarnpkg.com/kelp-body/-/kelp-body-1.4.3.tgz#268e7f5766870aae792705ac9001360203ea38b6"
  integrity sha512-tBTgSIxP+NhISv2A04x9q75LQLSFBw3HaJLC3cu8aQrHuTzjY5Ue1j3jWGseO8lB4XITTj6VtMbZVhiOM7uYhA==
  dependencies:
    mime2 latest

kelp-cors@^0.0.0:
  version "0.0.0"
  resolved "https://registry.yarnpkg.com/kelp-cors/-/kelp-cors-0.0.0.tgz#267d846ecb51bd005478dde5ff958e68843eeede"
  integrity sha512-PMYdKCoS/6PI/amC88p/kF+Okvt9M8Un+KUMP4i/0+XMmKw8YXW3PDVbUtQkj8CGpMjN99U1WlptRtdWKvEzKw==

kelp-router@^0.0.2:
  version "0.0.2"
  resolved "https://registry.yarnpkg.com/kelp-router/-/kelp-router-0.0.2.tgz#a82d58476dfbab1258a7191f2a6b44c3cbb2b5a0"
  integrity sha512-BvlwOkUKNpECaNzYhiAzFNjIfOpEREpHAbNjXnwVzvLC8Qc1o173dlAJiWB2Ns212sXyfXv4vdOOgClZtGGAiw==
  dependencies:
    routing2 next

kelp-send@^1.0.6:
  version "1.0.6"
  resolved "https://registry.yarnpkg.com/kelp-send/-/kelp-send-1.0.6.tgz#2fceeb42ab2db111665e0c840a4be48ba3a95530"
  integrity sha512-eGb39z1ZHsFdE+3tc2E3LhlCYsG5ySAETvV1GFOe3Y8/V2GlkcF2BmRV61Wl4YSioL1iF2LMaftMioIaLPun1A==

kelp@^2.0.2:
  version "2.0.2"
  resolved "https://registry.yarnpkg.com/kelp/-/kelp-2.0.2.tgz#62e47e6f18ed02e0acbde56008d96e4157d25260"
  integrity sha512-7Vn+GnDC4RsNr4KcWmvqs1L8jt2GymDqYdghv9OkScPaTPwgRfntrxqE/QO9eUXIM49f4g4edLIQPtwpyOZ4jw==

mime2@latest:
  version "0.0.11"
  resolved "https://registry.yarnpkg.com/mime2/-/mime2-0.0.11.tgz#ae75a1386114ffd51d9e97c481464318e97d87c5"
  integrity sha512-Ch599Y8U4vUgG9AaQgLEnIdXRRLoZPfjAdWFDLYePBEJS1nsS43H2pzbZn0u8lkbYx+yInuKxLsUEgM3fa9ZLQ==

routing2@next:
  version "0.0.9"
  resolved "https://registry.yarnpkg.com/routing2/-/routing2-0.0.9.tgz#321ad163c20072ab955f58a046a21ee6f3142da0"
  integrity sha512-BKc7UenfjcCl9szm242hdN4q1VWqsCHZUJiwBrJCp+TmIpR7RyrEsQwDD0ByS8RBXpUEatynya6tEH6w+8Dy0Q==
